// !$*UTF8*$!
{
	archiveVersion = 1;
	classes = {
	};
	objectVersion = 46;
	objects = {

/* Begin PBXBuildFile section */
		8F785BA81ECBDAE3005D5ECC /* main.m in Sources */ = {isa = PBXBuildFile; fileRef = 8F785BA71ECBDAE3005D5ECC /* main.m */; };
		8F785BAB1ECBDAE3005D5ECC /* AppDelegate.m in Sources */ = {isa = PBXBuildFile; fileRef = 8F785BAA1ECBDAE3005D5ECC /* AppDelegate.m */; };
		8F785BAE1ECBDAE3005D5ECC /* ViewController.m in Sources */ = {isa = PBXBuildFile; fileRef = 8F785BAD1ECBDAE3005D5ECC /* ViewController.m */; };
		8F785BB11ECBDAE3005D5ECC /* Main.storyboard in Resources */ = {isa = PBXBuildFile; fileRef = 8F785BAF1ECBDAE3005D5ECC /* Main.storyboard */; };
		8F785BB31ECBDAE3005D5ECC /* Assets.xcassets in Resources */ = {isa = PBXBuildFile; fileRef = 8F785BB21ECBDAE3005D5ECC /* Assets.xcassets */; };
		8F785BB61ECBDAE3005D5ECC /* LaunchScreen.storyboard in Resources */ = {isa = PBXBuildFile; fileRef = 8F785BB41ECBDAE3005D5ECC /* LaunchScreen.storyboard */; };
/* End PBXBuildFile section */

/* Begin PBXFileReference section */
		8F785BA31ECBDAE3005D5ECC /* XTReq.app */ = {isa = PBXFileReference; explicitFileType = wrapper.application; includeInIndex = 0; path = XTReq.app; sourceTree = BUILT_PRODUCTS_DIR; };
		8F785BA71ECBDAE3005D5ECC /* main.m */ = {isa = PBXFileReference; lastKnownFileType = sourcecode.c.objc; path = main.m; sourceTree = "<group>"; };
		8F785BA91ECBDAE3005D5ECC /* AppDelegate.h */ = {isa = PBXFileReference; lastKnownFileType = sourcecode.c.h; path = AppDelegate.h; sourceTree = "<group>"; };
		8F785BAA1ECBDAE3005D5ECC /* AppDelegate.m */ = {isa = PBXFileReference; lastKnownFileType = sourcecode.c.objc; path = AppDelegate.m; sourceTree = "<group>"; };
		8F785BAC1ECBDAE3005D5ECC /* ViewController.h */ = {isa = PBXFileReference; lastKnownFileType = sourcecode.c.h; path = ViewController.h; sourceTree = "<group>"; };
		8F785BAD1ECBDAE3005D5ECC /* ViewController.m */ = {isa = PBXFileReference; lastKnownFileType = sourcecode.c.objc; path = ViewController.m; sourceTree = "<group>"; };
		8F785BB01ECBDAE3005D5ECC /* Base */ = {isa = PBXFileReference; lastKnownFileType = file.storyboard; name = Base; path = Base.lproj/Main.storyboard; sourceTree = "<group>"; };
		8F785BB21ECBDAE3005D5ECC /* Assets.xcassets */ = {isa = PBXFileReference; lastKnownFileType = folder.assetcatalog; path = Assets.xcassets; sourceTree = "<group>"; };
		8F785BB51ECBDAE3005D5ECC /* Base */ = {isa = PBXFileReference; lastKnownFileType = file.storyboard; name = Base; path = Base.lproj/LaunchScreen.storyboard; sourceTree = "<group>"; };
		8F785BB71ECBDAE3005D5ECC /* Info.plist */ = {isa = PBXFileReference; lastKnownFileType = text.plist.xml; path = Info.plist; sourceTree = "<group>"; };
/* End PBXFileReference section */

/* Begin PBXFrameworksBuildPhase section */
		8F785BA01ECBDAE3005D5ECC /* Frameworks */ = {
			isa = PBXFrameworksBuildPhase;
			buildActionMask = 2147483647;
			files = (
			);
			runOnlyForDeploymentPostprocessing = 0;
		};
/* End PBXFrameworksBuildPhase section */

/* Begin PBXGroup section */
		8F785B9A1ECBDAE3005D5ECC = {
			isa = PBXGroup;
			children = (
				8F785BA51ECBDAE3005D5ECC /* XTReq */,
				8F785BA41ECBDAE3005D5ECC /* Products */,
			);
			sourceTree = "<group>";
		};
		8F785BA41ECBDAE3005D5ECC /* Products */ = {
			isa = PBXGroup;
			children = (
				8F785BA31ECBDAE3005D5ECC /* XTReq.app */,
			);
			name = Products;
			sourceTree = "<group>";
		};
		8F785BA51ECBDAE3005D5ECC /* XTReq */ = {
			isa = PBXGroup;
			children = (
				8F785BA91ECBDAE3005D5ECC /* AppDelegate.h */,
				8F785BAA1ECBDAE3005D5ECC /* AppDelegate.m */,
				8F785BAC1ECBDAE3005D5ECC /* ViewController.h */,
				8F785BAD1ECBDAE3005D5ECC /* ViewController.m */,
				8F785BAF1ECBDAE3005D5ECC /* Main.storyboard */,
				8F785BB21ECBDAE3005D5ECC /* Assets.xcassets */,
				8F785BB41ECBDAE3005D5ECC /* LaunchScreen.storyboard */,
				8F785BB71ECBDAE3005D5ECC /* Info.plist */,
				8F785BA61ECBDAE3005D5ECC /* Supporting Files */,
			);
			path = XTReq;
			sourceTree = "<group>";
		};
		8F785BA61ECBDAE3005D5ECC /* Supporting Files */ = {
			isa = PBXGroup;
			children = (
				8F785BA71ECBDAE3005D5ECC /* main.m */,
			);
			name = "Supporting Files";
			sourceTree = "<group>";
		};
/* End PBXGroup section */

/* Begin PBXNativeTarget section */
		8F785BA21ECBDAE3005D5ECC /* XTReq */ = {
			isa = PBXNativeTarget;
			buildConfigurationList = 8F785BBA1ECBDAE3005D5ECC /* Build configuration list for PBXNativeTarget "XTReq" */;
			buildPhases = (
				8F785B9F1ECBDAE3005D5ECC /* Sources */,
				8F785BA01ECBDAE3005D5ECC /* Frameworks */,
				8F785BA11ECBDAE3005D5ECC /* Resources */,
			);
			buildRules = (
			);
			dependencies = (
			);
			name = XTReq;
			productName = XTReq;
			productReference = 8F785BA31ECBDAE3005D5ECC /* XTReq.app */;
			productType = "com.apple.product-type.application";
		};
/* End PBXNativeTarget section */

/* Begin PBXProject section */
		8F785B9B1ECBDAE3005D5ECC /* Project object */ = {
			isa = PBXProject;
			attributes = {
				LastUpgradeCheck = 0830;
				ORGANIZATIONNAME = teaason;
				TargetAttributes = {
					8F785BA21ECBDAE3005D5ECC = {
						CreatedOnToolsVersion = 8.3.2;
						DevelopmentTeam = E3XZ878L8N;
						ProvisioningStyle = Automatic;
					};
				};
			};
			buildConfigurationList = 8F785B9E1ECBDAE3005D5ECC /* Build configuration list for PBXProject "XTReq" */;
			compatibilityVersion = "Xcode 3.2";
			developmentRegion = English;
			hasScannedForEncodings = 0;
			knownRegions = (
				en,
				Base,
			);
			mainGroup = 8F785B9A1ECBDAE3005D5ECC;
			productRefGroup = 8F785BA41ECBDAE3005D5ECC /* Products */;
			projectDirPath = "";
			projectRoot = "";
			targets = (
				8F785BA21ECBDAE3005D5ECC /* XTReq */,
			);
		};
/* End PBXProject section */

/* Begin PBXResourcesBuildPhase section */
		8F785BA11ECBDAE3005D5ECC /* Resources */ = {
			isa = PBXResourcesBuildPhase;
			buildActionMask = 2147483647;
			files = (
				8F785BB61ECBDAE3005D5ECC /* LaunchScreen.storyboard in Resources */,
				8F785BB31ECBDAE3005D5ECC /* Assets.xcassets in Resources */,
				8F785BB11ECBDAE3005D5ECC /* Main.storyboard in Resources */,
			);
			runOnlyForDeploymentPostprocessing = 0;
		};
/* End PBXResourcesBuildPhase section */

/* Begin PBXSourcesBuildPhase section */
		8F785B9F1ECBDAE3005D5ECC /* Sources */ = {
			isa = PBXSourcesBuildPhase;
			buildActionMask = 2147483647;
			files = (
				8F785BAE1ECBDAE3005D5ECC /* ViewController.m in Sources */,
				8F785BAB1ECBDAE3005D5ECC /* AppDelegate.m in Sources */,
				8F785BA81ECBDAE3005D5ECC /* main.m in Sources */,
			);
			runOnlyForDeploymentPostprocessing = 0;
		};
/* End PBXSourcesBuildPhase section */

/* Begin PBXVariantGroup section */
		8F785BAF1ECBDAE3005D5ECC /* Main.storyboard */ = {
			isa = PBXVariantGroup;
			children = (
				8F785BB01ECBDAE3005D5ECC /* Base */,
			);
			name = Main.storyboard;
			sourceTree = "<group>";
		};
		8F785BB41ECBDAE3005D5ECC /* LaunchScreen.storyboard */ = {
			isa = PBXVariantGroup;
			children = (
				8F785BB51ECBDAE3005D5ECC /* Base */,
			);
			name = LaunchScreen.storyboard;
			sourceTree = "<group>";
		};
/* End PBXVariantGroup section */

/* Begin XCBuildConfiguration section */
		8F785BB81ECBDAE3005D5ECC /* Debug */ = {
			isa = XCBuildConfiguration;
			buildSettings = {
				ALWAYS_SEARCH_USER_PATHS = NO;
				CLANG_ANALYZER_NONNULL = YES;
				CLANG_ANALYZER_NUMBER_OBJECT_CONVERSION = YES_AGGRESSIVE;
				CLANG_CXX_LANGUAGE_STANDARD = "gnu++0x";
				CLANG_CXX_LIBRARY = "libc++";
				CLANG_ENABLE_MODULES = YES;
				CLANG_ENABLE_OBJC_ARC = YES;
				CLANG_WARN_BOOL_CONVERSION = YES;
				CLANG_WARN_CONSTANT_CONVERSION = YES;
				CLANG_WARN_DIRECT_OBJC_ISA_USAGE = YES_ERROR;
				CLANG_WARN_DOCUMENTATION_COMMENTS = YES;
				CLANG_WARN_EMPTY_BODY = YES;
				CLANG_WARN_ENUM_CONVERSION = YES;
				CLANG_WARN_INFINITE_RECURSION = YES;
				CLANG_WARN_INT_CONVERSION = YES;
				CLANG_WARN_OBJC_ROOT_CLASS = YES_ERROR;
				CLANG_WARN_SUSPICIOUS_MOVE = YES;
				CLANG_WARN_UNREACHABLE_CODE = YES;
				CLANG_WARN__DUPLICATE_METHOD_MATCH = YES;
				"CODE_SIGN_IDENTITY[sdk=iphoneos*]" = "iPhone Developer";
				COPY_PHASE_STRIP = NO;
				DEBUG_INFORMATION_FORMAT = dwarf;
				ENABLE_STRICT_OBJC_MSGSEND = YES;
				ENABLE_TESTABILITY = YES;
				GCC_C_LANGUAGE_STANDARD = gnu99;
				GCC_DYNAMIC_NO_PIC = NO;
				GCC_NO_COMMON_BLOCKS = YES;
				GCC_OPTIMIZATION_LEVEL = 0;
				GCC_PREPROCESSOR_DEFINITIONS = (
					"DEBUG=1",
					"$(inherited)",
				);
				GCC_WARN_64_TO_32_BIT_CONVERSION = YES;
				GCC_WARN_ABOUT_RETURN_TYPE = YES_ERROR;
				GCC_WARN_UNDECLARED_SELECTOR = YES;
				GCC_WARN_UNINITIALIZED_AUTOS = YES_AGGRESSIVE;
				GCC_WARN_UNUSED_FUNCTION = YES;
				GCC_WARN_UNUSED_VARIABLE = YES;
				IPHONEOS_DEPLOYMENT_TARGET = 10.3;
				MTL_ENABLE_DEBUG_INFO = YES;
				ONLY_ACTIVE_ARCH = YES;
				SDKROOT = iphoneos;
				TARGETED_DEVICE_FAMILY = "1,2";
			};
			name = Debug;
		};
		8F785BB91ECBDAE3005D5ECC /* Release */ = {
			isa = XCBuildConfiguration;
			buildSettings = {
				ALWAYS_SEARCH_USER_PATHS = NO;
				CLANG_ANALYZER_NONNULL = YES;
				CLANG_ANALYZER_NUMBER_OBJECT_CONVERSION = YES_AGGRESSIVE;
				CLANG_CXX_LANGUAGE_STANDARD = "gnu++0x";
				CLANG_CXX_LIBRARY = "libc++";
				CLANG_ENABLE_MODULES = YES;
				CLANG_ENABLE_OBJC_ARC = YES;
				CLANG_WARN_BOOL_CONVERSION = YES;
				CLANG_WARN_CONSTANT_CONVERSION = YES;
				CLANG_WARN_DIRECT_OBJC_ISA_USAGE = YES_ERROR;
				CLANG_WARN_DOCUMENTATION_COMMENTS = YES;
				CLANG_WARN_EMPTY_BODY = YES;
				CLANG_WARN_ENUM_CONVERSION = YES;
				CLANG_WARN_INFINITE_RECURSION = YES;
				CLANG_WARN_INT_CONVERSION = YES;
				CLANG_WARN_OBJC_ROOT_CLASS = YES_ERROR;
				CLANG_WARN_SUSPICIOUS_MOVE = YES;
				CLANG_WARN_UNREACHABLE_CODE = YES;
				CLANG_WARN__DUPLICATE_METHOD_MATCH = YES;
				"CODE_SIGN_IDENTITY[sdk=iphoneos*]" = "iPhone Developer";
				COPY_PHASE_STRIP = NO;
				DEBUG_INFORMATION_FORMAT = "dwarf-with-dsym";
				ENABLE_NS_ASSERTIONS = NO;
				ENABLE_STRICT_OBJC_MSGSEND = YES;
				GCC_C_LANGUAGE_STANDARD = gnu99;
				GCC_NO_COMMON_BLOCKS = YES;
				GCC_WARN_64_TO_32_BIT_CONVERSION = YES;
				GCC_WARN_ABOUT_RETURN_TYPE = YES_ERROR;
				GCC_WARN_UNDECLARED_SELECTOR = YES;
				GCC_WARN_UNINITIALIZED_AUTOS = YES_AGGRESSIVE;
				GCC_WARN_UNUSED_FUNCTION = YES;
				GCC_WARN_UNUSED_VARIABLE = YES;
				IPHONEOS_DEPLOYMENT_TARGET = 10.3;
				MTL_ENABLE_DEBUG_INFO = NO;
				SDKROOT = iphoneos;
				TARGETED_DEVICE_FAMILY = "1,2";
				VALIDATE_PRODUCT = YES;
			};
			name = Release;
		};
		8F785BBB1ECBDAE3005D5ECC /* Debug */ = {
			isa = XCBuildConfiguration;
			buildSettings = {
				ASSETCATALOG_COMPILER_APPICON_NAME = AppIcon;
				DEVELOPMENT_TEAM = E3XZ878L8N;
				INFOPLIST_FILE = XTReq/Info.plist;
				LD_RUNPATH_SEARCH_PATHS = "$(inherited) @executable_path/Frameworks";
				PRODUCT_BUNDLE_IDENTIFIER = com.teason.XTReq;
				PRODUCT_NAME = "$(TARGET_NAME)";
			};
			name = Debug;
		};
		8F785BBC1ECBDAE3005D5ECC /* Release */ = {
			isa = XCBuildConfiguration;
			buildSettings = {
				ASSETCATALOG_COMPILER_APPICON_NAME = AppIcon;
				DEVELOPMENT_TEAM = E3XZ878L8N;
				INFOPLIST_FILE = XTReq/Info.plist;
				LD_RUNPATH_SEARCH_PATHS = "$(inherited) @executable_path/Frameworks";
				PRODUCT_BUNDLE_IDENTIFIER = com.teason.XTReq;
				PRODUCT_NAME = "$(TARGET_NAME)";
			};
			name = Release;
		};
/* End XCBuildConfiguration section */

/* Begin XCConfigurationList section */
		8F785B9E1ECBDAE3005D5ECC /* Build configuration list for PBXProject "XTReq" */ = {
			isa = XCConfigurationList;
			buildConfigurations = (
				8F785BB81ECBDAE3005D5ECC /* Debug */,
				8F785BB91ECBDAE3005D5ECC /* Release */,
			);
			defaultConfigurationIsVisible = 0;
			defaultConfigurationName = Release;
		};
		8F785BBA1ECBDAE3005D5ECC /* Build configuration list for PBXNativeTarget "XTReq" */ = {
			isa = XCConfigurationList;
			buildConfigurations = (
				8F785BBB1ECBDAE3005D5ECC /* Debug */,
				8F785BBC1ECBDAE3005D5ECC /* Release */,
			);
			defaultConfigurationIsVisible = 0;
		};
/* End XCConfigurationList section */
	};
	rootObject = 8F785B9B1ECBDAE3005D5ECC /* Project object */;
}
