// !$*UTF8*$!
{
	archiveVersion = 1;
	classes = {
	};
	objectVersion = 46;
	objects = {

/* Begin PBXBuildFile section */
		8F19862020C968270082662A /* README.md in Resources */ = {isa = PBXBuildFile; fileRef = 8F19861F20C968270082662A /* README.md */; };
		8F2BFD7C203EA8040013394D /* NSString+XTReq_Extend.m in Sources */ = {isa = PBXBuildFile; fileRef = 8F2BFD7B203EA8040013394D /* NSString+XTReq_Extend.m */; };
		8F2BFFCA203FC2670013394D /* XTRequest+UrlString.m in Sources */ = {isa = PBXBuildFile; fileRef = 8F2BFFC9203FC2670013394D /* XTRequest+UrlString.m */; };
		8F785BA81ECBDAE3005D5ECC /* main.m in Sources */ = {isa = PBXBuildFile; fileRef = 8F785BA71ECBDAE3005D5ECC /* main.m */; };
		8F785BAB1ECBDAE3005D5ECC /* AppDelegate.m in Sources */ = {isa = PBXBuildFile; fileRef = 8F785BAA1ECBDAE3005D5ECC /* AppDelegate.m */; };
		8F785BAE1ECBDAE3005D5ECC /* ViewController.m in Sources */ = {isa = PBXBuildFile; fileRef = 8F785BAD1ECBDAE3005D5ECC /* ViewController.m */; };
		8F785BB11ECBDAE3005D5ECC /* Main.storyboard in Resources */ = {isa = PBXBuildFile; fileRef = 8F785BAF1ECBDAE3005D5ECC /* Main.storyboard */; };
		8F785BB31ECBDAE3005D5ECC /* Assets.xcassets in Resources */ = {isa = PBXBuildFile; fileRef = 8F785BB21ECBDAE3005D5ECC /* Assets.xcassets */; };
		8F785BB61ECBDAE3005D5ECC /* LaunchScreen.storyboard in Resources */ = {isa = PBXBuildFile; fileRef = 8F785BB41ECBDAE3005D5ECC /* LaunchScreen.storyboard */; };
		8F785BC91ECBDB07005D5ECC /* XTCacheRequest.m in Sources */ = {isa = PBXBuildFile; fileRef = 8F785BBF1ECBDB07005D5ECC /* XTCacheRequest.m */; };
		8F785BCB1ECBDB07005D5ECC /* XTReqSessionManager.m in Sources */ = {isa = PBXBuildFile; fileRef = 8F785BC41ECBDB07005D5ECC /* XTReqSessionManager.m */; };
		8F785BCC1ECBDB07005D5ECC /* XTRequest.m in Sources */ = {isa = PBXBuildFile; fileRef = 8F785BC61ECBDB07005D5ECC /* XTRequest.m */; };
		8F785BCD1ECBDB07005D5ECC /* XTResponseDBModel.m in Sources */ = {isa = PBXBuildFile; fileRef = 8F785BC81ECBDB07005D5ECC /* XTResponseDBModel.m */; };
		BEEA1322E8065A0F82C0FA60 /* libPods-XTReq.a in Frameworks */ = {isa = PBXBuildFile; fileRef = 3CEEC9E70B54B97213FAD3C3 /* libPods-XTReq.a */; };
/* End PBXBuildFile section */

/* Begin PBXFileReference section */
		1E5D39551A0715AEF157A2B5 /* Pods-XTReq.debug.xcconfig */ = {isa = PBXFileReference; includeInIndex = 1; lastKnownFileType = text.xcconfig; name = "Pods-XTReq.debug.xcconfig"; path = "Pods/Target Support Files/Pods-XTReq/Pods-XTReq.debug.xcconfig"; sourceTree = "<group>"; };
		3CEEC9E70B54B97213FAD3C3 /* libPods-XTReq.a */ = {isa = PBXFileReference; explicitFileType = archive.ar; includeInIndex = 0; path = "libPods-XTReq.a"; sourceTree = BUILT_PRODUCTS_DIR; };
		8F19861F20C968270082662A /* README.md */ = {isa = PBXFileReference; fileEncoding = 4; lastKnownFileType = net.daringfireball.markdown; path = README.md; sourceTree = "<group>"; };
		8F2BFD7A203EA8040013394D /* NSString+XTReq_Extend.h */ = {isa = PBXFileReference; lastKnownFileType = sourcecode.c.h; path = "NSString+XTReq_Extend.h"; sourceTree = "<group>"; };
		8F2BFD7B203EA8040013394D /* NSString+XTReq_Extend.m */ = {isa = PBXFileReference; lastKnownFileType = sourcecode.c.objc; path = "NSString+XTReq_Extend.m"; sourceTree = "<group>"; };
		8F2BFFC8203FC2670013394D /* XTRequest+UrlString.h */ = {isa = PBXFileReference; lastKnownFileType = sourcecode.c.h; path = "XTRequest+UrlString.h"; sourceTree = "<group>"; };
		8F2BFFC9203FC2670013394D /* XTRequest+UrlString.m */ = {isa = PBXFileReference; lastKnownFileType = sourcecode.c.objc; path = "XTRequest+UrlString.m"; sourceTree = "<group>"; };
		8F785BA31ECBDAE3005D5ECC /* XTReq.app */ = {isa = PBXFileReference; explicitFileType = wrapper.application; includeInIndex = 0; path = XTReq.app; sourceTree = BUILT_PRODUCTS_DIR; };
		8F785BA71ECBDAE3005D5ECC /* main.m */ = {isa = PBXFileReference; lastKnownFileType = sourcecode.c.objc; path = main.m; sourceTree = "<group>"; };
		8F785BA91ECBDAE3005D5ECC /* AppDelegate.h */ = {isa = PBXFileReference; lastKnownFileType = sourcecode.c.h; path = AppDelegate.h; sourceTree = "<group>"; };
		8F785BAA1ECBDAE3005D5ECC /* AppDelegate.m */ = {isa = PBXFileReference; lastKnownFileType = sourcecode.c.objc; path = AppDelegate.m; sourceTree = "<group>"; };
		8F785BAC1ECBDAE3005D5ECC /* ViewController.h */ = {isa = PBXFileReference; lastKnownFileType = sourcecode.c.h; path = ViewController.h; sourceTree = "<group>"; };
		8F785BAD1ECBDAE3005D5ECC /* ViewController.m */ = {isa = PBXFileReference; lastKnownFileType = sourcecode.c.objc; path = ViewController.m; sourceTree = "<group>"; };
		8F785BB01ECBDAE3005D5ECC /* Base */ = {isa = PBXFileReference; lastKnownFileType = file.storyboard; name = Base; path = Base.lproj/Main.storyboard; sourceTree = "<group>"; };
		8F785BB21ECBDAE3005D5ECC /* Assets.xcassets */ = {isa = PBXFileReference; lastKnownFileType = folder.assetcatalog; path = Assets.xcassets; sourceTree = "<group>"; };
		8F785BB51ECBDAE3005D5ECC /* Base */ = {isa = PBXFileReference; lastKnownFileType = file.storyboard; name = Base; path = Base.lproj/LaunchScreen.storyboard; sourceTree = "<group>"; };
		8F785BB71ECBDAE3005D5ECC /* Info.plist */ = {isa = PBXFileReference; lastKnownFileType = text.plist.xml; path = Info.plist; sourceTree = "<group>"; };
		8F785BBE1ECBDB07005D5ECC /* XTCacheRequest.h */ = {isa = PBXFileReference; fileEncoding = 4; lastKnownFileType = sourcecode.c.h; path = XTCacheRequest.h; sourceTree = "<group>"; };
		8F785BBF1ECBDB07005D5ECC /* XTCacheRequest.m */ = {isa = PBXFileReference; fileEncoding = 4; lastKnownFileType = sourcecode.c.objc; path = XTCacheRequest.m; sourceTree = "<group>"; };
		8F785BC01ECBDB07005D5ECC /* XTReq.h */ = {isa = PBXFileReference; fileEncoding = 4; lastKnownFileType = sourcecode.c.h; path = XTReq.h; sourceTree = "<group>"; };
		8F785BC31ECBDB07005D5ECC /* XTReqSessionManager.h */ = {isa = PBXFileReference; fileEncoding = 4; lastKnownFileType = sourcecode.c.h; path = XTReqSessionManager.h; sourceTree = "<group>"; };
		8F785BC41ECBDB07005D5ECC /* XTReqSessionManager.m */ = {isa = PBXFileReference; fileEncoding = 4; lastKnownFileType = sourcecode.c.objc; path = XTReqSessionManager.m; sourceTree = "<group>"; };
		8F785BC51ECBDB07005D5ECC /* XTRequest.h */ = {isa = PBXFileReference; fileEncoding = 4; lastKnownFileType = sourcecode.c.h; path = XTRequest.h; sourceTree = "<group>"; };
		8F785BC61ECBDB07005D5ECC /* XTRequest.m */ = {isa = PBXFileReference; fileEncoding = 4; lastKnownFileType = sourcecode.c.objc; path = XTRequest.m; sourceTree = "<group>"; };
		8F785BC71ECBDB07005D5ECC /* XTResponseDBModel.h */ = {isa = PBXFileReference; fileEncoding = 4; lastKnownFileType = sourcecode.c.h; path = XTResponseDBModel.h; sourceTree = "<group>"; };
		8F785BC81ECBDB07005D5ECC /* XTResponseDBModel.m */ = {isa = PBXFileReference; fileEncoding = 4; lastKnownFileType = sourcecode.c.objc; path = XTResponseDBModel.m; sourceTree = "<group>"; };
		A6519CB82D2757CB09350DD2 /* Pods-XTReq.release.xcconfig */ = {isa = PBXFileReference; includeInIndex = 1; lastKnownFileType = text.xcconfig; name = "Pods-XTReq.release.xcconfig"; path = "Pods/Target Support Files/Pods-XTReq/Pods-XTReq.release.xcconfig"; sourceTree = "<group>"; };
/* End PBXFileReference section */

/* Begin PBXFrameworksBuildPhase section */
		8F785BA01ECBDAE3005D5ECC /* Frameworks */ = {
			isa = PBXFrameworksBuildPhase;
			buildActionMask = 2147483647;
			files = (
				BEEA1322E8065A0F82C0FA60 /* libPods-XTReq.a in Frameworks */,
			);
			runOnlyForDeploymentPostprocessing = 0;
		};
/* End PBXFrameworksBuildPhase section */

/* Begin PBXGroup section */
		0B8D1553CB5937352381A4B7 /* Frameworks */ = {
			isa = PBXGroup;
			children = (
				3CEEC9E70B54B97213FAD3C3 /* libPods-XTReq.a */,
			);
			name = Frameworks;
			sourceTree = "<group>";
		};
		8F785B9A1ECBDAE3005D5ECC = {
			isa = PBXGroup;
			children = (
				8F19861F20C968270082662A /* README.md */,
				8F785BA51ECBDAE3005D5ECC /* XTReq */,
				8F785BA41ECBDAE3005D5ECC /* Products */,
				F8584687362E298ADE067AEA /* Pods */,
				0B8D1553CB5937352381A4B7 /* Frameworks */,
			);
			sourceTree = "<group>";
		};
		8F785BA41ECBDAE3005D5ECC /* Products */ = {
			isa = PBXGroup;
			children = (
				8F785BA31ECBDAE3005D5ECC /* XTReq.app */,
			);
			name = Products;
			sourceTree = "<group>";
		};
		8F785BA51ECBDAE3005D5ECC /* XTReq */ = {
			isa = PBXGroup;
			children = (
				8F785BBD1ECBDB07005D5ECC /* XTReq */,
				8F785BA91ECBDAE3005D5ECC /* AppDelegate.h */,
				8F785BAA1ECBDAE3005D5ECC /* AppDelegate.m */,
				8F785BAC1ECBDAE3005D5ECC /* ViewController.h */,
				8F785BAD1ECBDAE3005D5ECC /* ViewController.m */,
				8F785BAF1ECBDAE3005D5ECC /* Main.storyboard */,
				8F785BB21ECBDAE3005D5ECC /* Assets.xcassets */,
				8F785BB41ECBDAE3005D5ECC /* LaunchScreen.storyboard */,
				8F785BB71ECBDAE3005D5ECC /* Info.plist */,
				8F785BA61ECBDAE3005D5ECC /* Supporting Files */,
			);
			path = XTReq;
			sourceTree = "<group>";
		};
		8F785BA61ECBDAE3005D5ECC /* Supporting Files */ = {
			isa = PBXGroup;
			children = (
				8F785BA71ECBDAE3005D5ECC /* main.m */,
			);
			name = "Supporting Files";
			sourceTree = "<group>";
		};
		8F785BBD1ECBDB07005D5ECC /* XTReq */ = {
			isa = PBXGroup;
			children = (
				8F785BC01ECBDB07005D5ECC /* XTReq.h */,
				8F785BC51ECBDB07005D5ECC /* XTRequest.h */,
				8F785BC61ECBDB07005D5ECC /* XTRequest.m */,
				8F2BFFC8203FC2670013394D /* XTRequest+UrlString.h */,
				8F2BFFC9203FC2670013394D /* XTRequest+UrlString.m */,
				8F785BC31ECBDB07005D5ECC /* XTReqSessionManager.h */,
				8F785BC41ECBDB07005D5ECC /* XTReqSessionManager.m */,
				8F785BBE1ECBDB07005D5ECC /* XTCacheRequest.h */,
				8F785BBF1ECBDB07005D5ECC /* XTCacheRequest.m */,
				8F785BC71ECBDB07005D5ECC /* XTResponseDBModel.h */,
				8F785BC81ECBDB07005D5ECC /* XTResponseDBModel.m */,
				8F2BFD7A203EA8040013394D /* NSString+XTReq_Extend.h */,
				8F2BFD7B203EA8040013394D /* NSString+XTReq_Extend.m */,
			);
			path = XTReq;
			sourceTree = "<group>";
		};
		F8584687362E298ADE067AEA /* Pods */ = {
			isa = PBXGroup;
			children = (
				1E5D39551A0715AEF157A2B5 /* Pods-XTReq.debug.xcconfig */,
				A6519CB82D2757CB09350DD2 /* Pods-XTReq.release.xcconfig */,
			);
			name = Pods;
			sourceTree = "<group>";
		};
/* End PBXGroup section */

/* Begin PBXNativeTarget section */
		8F785BA21ECBDAE3005D5ECC /* XTReq */ = {
			isa = PBXNativeTarget;
			buildConfigurationList = 8F785BBA1ECBDAE3005D5ECC /* Build configuration list for PBXNativeTarget "XTReq" */;
			buildPhases = (
				B3EBBA7A8FB25AC683F8E7ED /* [CP] Check Pods Manifest.lock */,
				8F785B9F1ECBDAE3005D5ECC /* Sources */,
				8F785BA01ECBDAE3005D5ECC /* Frameworks */,
				8F785BA11ECBDAE3005D5ECC /* Resources */,
				7F6EBAFEBEEDA69D00039C2D /* [CP] Embed Pods Frameworks */,
				0EED41CB211BE80EBEE9492D /* [CP] Copy Pods Resources */,
			);
			buildRules = (
			);
			dependencies = (
			);
			name = XTReq;
			productName = XTReq;
			productReference = 8F785BA31ECBDAE3005D5ECC /* XTReq.app */;
			productType = "com.apple.product-type.application";
		};
/* End PBXNativeTarget section */

/* Begin PBXProject section */
		8F785B9B1ECBDAE3005D5ECC /* Project object */ = {
			isa = PBXProject;
			attributes = {
				LastUpgradeCheck = 0830;
				ORGANIZATIONNAME = teaason;
				TargetAttributes = {
					8F785BA21ECBDAE3005D5ECC = {
						CreatedOnToolsVersion = 8.3.2;
						DevelopmentTeam = 83SLLMU85B;
						ProvisioningStyle = Automatic;
					};
				};
			};
			buildConfigurationList = 8F785B9E1ECBDAE3005D5ECC /* Build configuration list for PBXProject "XTReq" */;
			compatibilityVersion = "Xcode 3.2";
			developmentRegion = English;
			hasScannedForEncodings = 0;
			knownRegions = (
				en,
				Base,
			);
			mainGroup = 8F785B9A1ECBDAE3005D5ECC;
			productRefGroup = 8F785BA41ECBDAE3005D5ECC /* Products */;
			projectDirPath = "";
			projectRoot = "";
			targets = (
				8F785BA21ECBDAE3005D5ECC /* XTReq */,
			);
		};
/* End PBXProject section */

/* Begin PBXResourcesBuildPhase section */
		8F785BA11ECBDAE3005D5ECC /* Resources */ = {
			isa = PBXResourcesBuildPhase;
			buildActionMask = 2147483647;
			files = (
				8F785BB61ECBDAE3005D5ECC /* LaunchScreen.storyboard in Resources */,
				8F785BB31ECBDAE3005D5ECC /* Assets.xcassets in Resources */,
				8F19862020C968270082662A /* README.md in Resources */,
				8F785BB11ECBDAE3005D5ECC /* Main.storyboard in Resources */,
			);
			runOnlyForDeploymentPostprocessing = 0;
		};
/* End PBXResourcesBuildPhase section */

/* Begin PBXShellScriptBuildPhase section */
		0EED41CB211BE80EBEE9492D /* [CP] Copy Pods Resources */ = {
			isa = PBXShellScriptBuildPhase;
			buildActionMask = 2147483647;
			files = (
			);
			inputPaths = (
				"${SRCROOT}/Pods/Target Support Files/Pods-XTReq/Pods-XTReq-resources.sh",
				"${PODS_ROOT}/SVProgressHUD/SVProgressHUD/SVProgressHUD.bundle",
			);
			name = "[CP] Copy Pods Resources";
			outputPaths = (
				"${TARGET_BUILD_DIR}/${UNLOCALIZED_RESOURCES_FOLDER_PATH}/SVProgressHUD.bundle",
			);
			runOnlyForDeploymentPostprocessing = 0;
			shellPath = /bin/sh;
			shellScript = "\"${SRCROOT}/Pods/Target Support Files/Pods-XTReq/Pods-XTReq-resources.sh\"\n";
			showEnvVarsInLog = 0;
		};
		7F6EBAFEBEEDA69D00039C2D /* [CP] Embed Pods Frameworks */ = {
			isa = PBXShellScriptBuildPhase;
			buildActionMask = 2147483647;
			files = (
			);
			inputPaths = (
			);
			name = "[CP] Embed Pods Frameworks";
			outputPaths = (
			);
			runOnlyForDeploymentPostprocessing = 0;
			shellPath = /bin/sh;
			shellScript = "\"${SRCROOT}/Pods/Target Support Files/Pods-XTReq/Pods-XTReq-frameworks.sh\"\n";
			showEnvVarsInLog = 0;
		};
		B3EBBA7A8FB25AC683F8E7ED /* [CP] Check Pods Manifest.lock */ = {
			isa = PBXShellScriptBuildPhase;
			buildActionMask = 2147483647;
			files = (
			);
			inputPaths = (
				"${PODS_PODFILE_DIR_PATH}/Podfile.lock",
				"${PODS_ROOT}/Manifest.lock",
			);
			name = "[CP] Check Pods Manifest.lock";
			outputPaths = (
				"$(DERIVED_FILE_DIR)/Pods-XTReq-checkManifestLockResult.txt",
			);
			runOnlyForDeploymentPostprocessing = 0;
			shellPath = /bin/sh;
			shellScript = "diff \"${PODS_PODFILE_DIR_PATH}/Podfile.lock\" \"${PODS_ROOT}/Manifest.lock\" > /dev/null\nif [ $? != 0 ] ; then\n    # print error to STDERR\n    echo \"error: The sandbox is not in sync with the Podfile.lock. Run 'pod install' or update your CocoaPods installation.\" >&2\n    exit 1\nfi\n# This output is used by Xcode 'outputs' to avoid re-running this script phase.\necho \"SUCCESS\" > \"${SCRIPT_OUTPUT_FILE_0}\"\n";
			showEnvVarsInLog = 0;
		};
/* End PBXShellScriptBuildPhase section */

/* Begin PBXSourcesBuildPhase section */
		8F785B9F1ECBDAE3005D5ECC /* Sources */ = {
			isa = PBXSourcesBuildPhase;
			buildActionMask = 2147483647;
			files = (
				8F785BCD1ECBDB07005D5ECC /* XTResponseDBModel.m in Sources */,
				8F785BC91ECBDB07005D5ECC /* XTCacheRequest.m in Sources */,
				8F2BFD7C203EA8040013394D /* NSString+XTReq_Extend.m in Sources */,
				8F785BAE1ECBDAE3005D5ECC /* ViewController.m in Sources */,
				8F785BAB1ECBDAE3005D5ECC /* AppDelegate.m in Sources */,
				8F2BFFCA203FC2670013394D /* XTRequest+UrlString.m in Sources */,
				8F785BA81ECBDAE3005D5ECC /* main.m in Sources */,
				8F785BCC1ECBDB07005D5ECC /* XTRequest.m in Sources */,
				8F785BCB1ECBDB07005D5ECC /* XTReqSessionManager.m in Sources */,
			);
			runOnlyForDeploymentPostprocessing = 0;
		};
/* End PBXSourcesBuildPhase section */

/* Begin PBXVariantGroup section */
		8F785BAF1ECBDAE3005D5ECC /* Main.storyboard */ = {
			isa = PBXVariantGroup;
			children = (
				8F785BB01ECBDAE3005D5ECC /* Base */,
			);
			name = Main.storyboard;
			sourceTree = "<group>";
		};
		8F785BB41ECBDAE3005D5ECC /* LaunchScreen.storyboard */ = {
			isa = PBXVariantGroup;
			children = (
				8F785BB51ECBDAE3005D5ECC /* Base */,
			);
			name = LaunchScreen.storyboard;
			sourceTree = "<group>";
		};
/* End PBXVariantGroup section */

/* Begin XCBuildConfiguration section */
		8F785BB81ECBDAE3005D5ECC /* Debug */ = {
			isa = XCBuildConfiguration;
			buildSettings = {
				ALWAYS_SEARCH_USER_PATHS = NO;
				CLANG_ANALYZER_NONNULL = YES;
				CLANG_ANALYZER_NUMBER_OBJECT_CONVERSION = YES_AGGRESSIVE;
				CLANG_CXX_LANGUAGE_STANDARD = "gnu++0x";
				CLANG_CXX_LIBRARY = "libc++";
				CLANG_ENABLE_MODULES = YES;
				CLANG_ENABLE_OBJC_ARC = YES;
				CLANG_WARN_BOOL_CONVERSION = YES;
				CLANG_WARN_CONSTANT_CONVERSION = YES;
				CLANG_WARN_DIRECT_OBJC_ISA_USAGE = YES_ERROR;
				CLANG_WARN_DOCUMENTATION_COMMENTS = YES;
				CLANG_WARN_EMPTY_BODY = YES;
				CLANG_WARN_ENUM_CONVERSION = YES;
				CLANG_WARN_INFINITE_RECURSION = YES;
				CLANG_WARN_INT_CONVERSION = YES;
				CLANG_WARN_OBJC_ROOT_CLASS = YES_ERROR;
				CLANG_WARN_SUSPICIOUS_MOVE = YES;
				CLANG_WARN_UNREACHABLE_CODE = YES;
				CLANG_WARN__DUPLICATE_METHOD_MATCH = YES;
				"CODE_SIGN_IDENTITY[sdk=iphoneos*]" = "iPhone Developer";
				COPY_PHASE_STRIP = NO;
				DEBUG_INFORMATION_FORMAT = dwarf;
				ENABLE_STRICT_OBJC_MSGSEND = YES;
				ENABLE_TESTABILITY = YES;
				GCC_C_LANGUAGE_STANDARD = gnu99;
				GCC_DYNAMIC_NO_PIC = NO;
				GCC_NO_COMMON_BLOCKS = YES;
				GCC_OPTIMIZATION_LEVEL = 0;
				GCC_PREPROCESSOR_DEFINITIONS = (
					"DEBUG=1",
					"$(inherited)",
				);
				GCC_WARN_64_TO_32_BIT_CONVERSION = YES;
				GCC_WARN_ABOUT_RETURN_TYPE = YES_ERROR;
				GCC_WARN_UNDECLARED_SELECTOR = YES;
				GCC_WARN_UNINITIALIZED_AUTOS = YES_AGGRESSIVE;
				GCC_WARN_UNUSED_FUNCTION = YES;
				GCC_WARN_UNUSED_VARIABLE = YES;
				IPHONEOS_DEPLOYMENT_TARGET = 10.3;
				MTL_ENABLE_DEBUG_INFO = YES;
				ONLY_ACTIVE_ARCH = YES;
				SDKROOT = iphoneos;
				TARGETED_DEVICE_FAMILY = "1,2";
			};
			name = Debug;
		};
		8F785BB91ECBDAE3005D5ECC /* Release */ = {
			isa = XCBuildConfiguration;
			buildSettings = {
				ALWAYS_SEARCH_USER_PATHS = NO;
				CLANG_ANALYZER_NONNULL = YES;
				CLANG_ANALYZER_NUMBER_OBJECT_CONVERSION = YES_AGGRESSIVE;
				CLANG_CXX_LANGUAGE_STANDARD = "gnu++0x";
				CLANG_CXX_LIBRARY = "libc++";
				CLANG_ENABLE_MODULES = YES;
				CLANG_ENABLE_OBJC_ARC = YES;
				CLANG_WARN_BOOL_CONVERSION = YES;
				CLANG_WARN_CONSTANT_CONVERSION = YES;
				CLANG_WARN_DIRECT_OBJC_ISA_USAGE = YES_ERROR;
				CLANG_WARN_DOCUMENTATION_COMMENTS = YES;
				CLANG_WARN_EMPTY_BODY = YES;
				CLANG_WARN_ENUM_CONVERSION = YES;
				CLANG_WARN_INFINITE_RECURSION = YES;
				CLANG_WARN_INT_CONVERSION = YES;
				CLANG_WARN_OBJC_ROOT_CLASS = YES_ERROR;
				CLANG_WARN_SUSPICIOUS_MOVE = YES;
				CLANG_WARN_UNREACHABLE_CODE = YES;
				CLANG_WARN__DUPLICATE_METHOD_MATCH = YES;
				"CODE_SIGN_IDENTITY[sdk=iphoneos*]" = "iPhone Developer";
				COPY_PHASE_STRIP = NO;
				DEBUG_INFORMATION_FORMAT = "dwarf-with-dsym";
				ENABLE_NS_ASSERTIONS = NO;
				ENABLE_STRICT_OBJC_MSGSEND = YES;
				GCC_C_LANGUAGE_STANDARD = gnu99;
				GCC_NO_COMMON_BLOCKS = YES;
				GCC_WARN_64_TO_32_BIT_CONVERSION = YES;
				GCC_WARN_ABOUT_RETURN_TYPE = YES_ERROR;
				GCC_WARN_UNDECLARED_SELECTOR = YES;
				GCC_WARN_UNINITIALIZED_AUTOS = YES_AGGRESSIVE;
				GCC_WARN_UNUSED_FUNCTION = YES;
				GCC_WARN_UNUSED_VARIABLE = YES;
				IPHONEOS_DEPLOYMENT_TARGET = 10.3;
				MTL_ENABLE_DEBUG_INFO = NO;
				SDKROOT = iphoneos;
				TARGETED_DEVICE_FAMILY = "1,2";
				VALIDATE_PRODUCT = YES;
			};
			name = Release;
		};
		8F785BBB1ECBDAE3005D5ECC /* Debug */ = {
			isa = XCBuildConfiguration;
			baseConfigurationReference = 1E5D39551A0715AEF157A2B5 /* Pods-XTReq.debug.xcconfig */;
			buildSettings = {
				ASSETCATALOG_COMPILER_APPICON_NAME = AppIcon;
				DEVELOPMENT_TEAM = 83SLLMU85B;
				INFOPLIST_FILE = XTReq/Info.plist;
				LD_RUNPATH_SEARCH_PATHS = "$(inherited) @executable_path/Frameworks";
				PRODUCT_BUNDLE_IDENTIFIER = com.teason.XTReq;
				PRODUCT_NAME = "$(TARGET_NAME)";
			};
			name = Debug;
		};
		8F785BBC1ECBDAE3005D5ECC /* Release */ = {
			isa = XCBuildConfiguration;
			baseConfigurationReference = A6519CB82D2757CB09350DD2 /* Pods-XTReq.release.xcconfig */;
			buildSettings = {
				ASSETCATALOG_COMPILER_APPICON_NAME = AppIcon;
				DEVELOPMENT_TEAM = 83SLLMU85B;
				INFOPLIST_FILE = XTReq/Info.plist;
				LD_RUNPATH_SEARCH_PATHS = "$(inherited) @executable_path/Frameworks";
				PRODUCT_BUNDLE_IDENTIFIER = com.teason.XTReq;
				PRODUCT_NAME = "$(TARGET_NAME)";
			};
			name = Release;
		};
/* End XCBuildConfiguration section */

/* Begin XCConfigurationList section */
		8F785B9E1ECBDAE3005D5ECC /* Build configuration list for PBXProject "XTReq" */ = {
			isa = XCConfigurationList;
			buildConfigurations = (
				8F785BB81ECBDAE3005D5ECC /* Debug */,
				8F785BB91ECBDAE3005D5ECC /* Release */,
			);
			defaultConfigurationIsVisible = 0;
			defaultConfigurationName = Release;
		};
		8F785BBA1ECBDAE3005D5ECC /* Build configuration list for PBXNativeTarget "XTReq" */ = {
			isa = XCConfigurationList;
			buildConfigurations = (
				8F785BBB1ECBDAE3005D5ECC /* Debug */,
				8F785BBC1ECBDAE3005D5ECC /* Release */,
			);
			defaultConfigurationIsVisible = 0;
			defaultConfigurationName = Release;
		};
/* End XCConfigurationList section */
	};
	rootObject = 8F785B9B1ECBDAE3005D5ECC /* Project object */;
}
